{
  "name": "tg_dating_app",
  "lockfileVersion": 3,
  "requires": true,
  "packages": {
    "": {
      "dependencies": {
        "@twa-dev/sdk": "^8.0.2"
      }
    },
    "node_modules/@twa-dev/sdk": {
      "version": "8.0.2",
      "resolved": "https://registry.npmjs.org/@twa-dev/sdk/-/sdk-8.0.2.tgz",
      "integrity": "sha512-Pp5GxnxP2blboVZFiM9aWjs4cb8IpW3x2jP3kLOMvIqy0jzNUTuFHkwHtx+zEvh/UcF2F+wmS8G6ebIA0XPXcg==",
      "license": "MIT",
      "dependencies": {
        "@twa-dev/types": "^8.0.1"
      },
      "peerDependencies": {
        "react": "^18.0.0 || ^19.0.0"
      }
    },
    "node_modules/@twa-dev/types": {
      "version": "8.0.2",
      "resolved": "https://registry.npmjs.org/@twa-dev/types/-/types-8.0.2.tgz",
      "integrity": "sha512-ICQ6n4NaUPPzV3/GzflVQS6Nnu5QX2vr9OlOG8ZkFf3rSJXzRKazrLAbZlVhCPPWkIW3MMuELPsE6tByrA49qA==",
      "license": "MIT"
    },
    "node_modules/react": {
      "version": "19.2.7",
      "resolved": "https://registry.npmjs.org/react/-/react-19.2.7.tgz",
      "integrity": "sha512-HNe9WslTbXmFK8o8cmwgAeJFSBvt1bPdHCVKtaaV+WlAN36mpT4hcRpwbf3fY56ar2oIXzsBpOAiIRHAdY0OlQ==",
      "license": "MIT",
      "peer": true,
      "engines": {
        "node": ">=0.10.0"
      }
    }
  }
}
